// !$*UTF8*$!
{
	archiveVersion = 1;
	classes = {
	};
	objectVersion = 56;
	objects = {

/* Begin PBXBuildFile section */
		047EC40729C654C0009EA1D9 /* AppDelegate.swift in Sources */ = {isa = PBXBuildFile; fileRef = 047EC40629C654C0009EA1D9 /* AppDelegate.swift */; };
		047EC40929C654C0009EA1D9 /* SceneDelegate.swift in Sources */ = {isa = PBXBuildFile; fileRef = 047EC40829C654C0009EA1D9 /* SceneDelegate.swift */; };
		047EC40B29C654C0009EA1D9 /* ViewController.swift in Sources */ = {isa = PBXBuildFile; fileRef = 047EC40A29C654C0009EA1D9 /* ViewController.swift */; };
		047EC40E29C654C0009EA1D9 /* Main.storyboard in Resources */ = {isa = PBXBuildFile; fileRef = 047EC40C29C654C0009EA1D9 /* Main.storyboard */; };
		047EC41029C654C1009EA1D9 /* Assets.xcassets in Resources */ = {isa = PBXBuildFile; fileRef = 047EC40F29C654C1009EA1D9 /* Assets.xcassets */; };
		047EC41329C654C1009EA1D9 /* LaunchScreen.storyboard in Resources */ = {isa = PBXBuildFile; fileRef = 047EC41129C654C1009EA1D9 /* LaunchScreen.storyboard */; };
		047EC41B29C9D9FF009EA1D9 /* SearchPageVC.swift in Sources */ = {isa = PBXBuildFile; fileRef = 047EC41A29C9D9FF009EA1D9 /* SearchPageVC.swift */; };
		047EC41D29CBA488009EA1D9 /* DetailSearchVC.swift in Sources */ = {isa = PBXBuildFile; fileRef = 047EC41C29CBA488009EA1D9 /* DetailSearchVC.swift */; };
		047EC44329CC7B95009EA1D9 /* Dictionary.xcdatamodeld in Sources */ = {isa = PBXBuildFile; fileRef = 047EC44129CC7B95009EA1D9 /* Dictionary.xcdatamodeld */; };
		047EC44529CCD582009EA1D9 /* Alert.swift in Sources */ = {isa = PBXBuildFile; fileRef = 047EC44429CCD582009EA1D9 /* Alert.swift */; };
		047EC44729CDDDB8009EA1D9 /* GoogleService-Info.plist in Resources */ = {isa = PBXBuildFile; fileRef = 047EC44629CDDDB8009EA1D9 /* GoogleService-Info.plist */; };
		0494C2CF29D33746000D71A7 /* WordDefinitionVC.swift in Sources */ = {isa = PBXBuildFile; fileRef = 0494C2CE29D33746000D71A7 /* WordDefinitionVC.swift */; };
		1D40301E8C249F2EB5840959 /* Pods_DsmDictionary.framework in Frameworks */ = {isa = PBXBuildFile; fileRef = 4F564AA699D81F8A49D15ACC /* Pods_DsmDictionary.framework */; };
/* End PBXBuildFile section */

/* Begin PBXFileReference section */
		047EC40329C654C0009EA1D9 /* DsmDictionary.app */ = {isa = PBXFileReference; explicitFileType = wrapper.application; includeInIndex = 0; path = DsmDictionary.app; sourceTree = BUILT_PRODUCTS_DIR; };
		047EC40629C654C0009EA1D9 /* AppDelegate.swift */ = {isa = PBXFileReference; lastKnownFileType = sourcecode.swift; path = AppDelegate.swift; sourceTree = "<group>"; };
		047EC40829C654C0009EA1D9 /* SceneDelegate.swift */ = {isa = PBXFileReference; lastKnownFileType = sourcecode.swift; path = SceneDelegate.swift; sourceTree = "<group>"; };
		047EC40A29C654C0009EA1D9 /* ViewController.swift */ = {isa = PBXFileReference; lastKnownFileType = sourcecode.swift; path = ViewController.swift; sourceTree = "<group>"; };
		047EC40D29C654C0009EA1D9 /* Base */ = {isa = PBXFileReference; lastKnownFileType = file.storyboard; name = Base; path = Base.lproj/Main.storyboard; sourceTree = "<group>"; };
		047EC40F29C654C1009EA1D9 /* Assets.xcassets */ = {isa = PBXFileReference; lastKnownFileType = folder.assetcatalog; path = Assets.xcassets; sourceTree = "<group>"; };
		047EC41229C654C1009EA1D9 /* Base */ = {isa = PBXFileReference; lastKnownFileType = file.storyboard; name = Base; path = Base.lproj/LaunchScreen.storyboard; sourceTree = "<group>"; };
		047EC41429C654C1009EA1D9 /* Info.plist */ = {isa = PBXFileReference; lastKnownFileType = text.plist.xml; path = Info.plist; sourceTree = "<group>"; };
		047EC41A29C9D9FF009EA1D9 /* SearchPageVC.swift */ = {isa = PBXFileReference; lastKnownFileType = sourcecode.swift; path = SearchPageVC.swift; sourceTree = "<group>"; };
		047EC41C29CBA488009EA1D9 /* DetailSearchVC.swift */ = {isa = PBXFileReference; lastKnownFileType = sourcecode.swift; path = DetailSearchVC.swift; sourceTree = "<group>"; };
		047EC44229CC7B95009EA1D9 /* Dictionary.xcdatamodel */ = {isa = PBXFileReference; lastKnownFileType = wrapper.xcdatamodel; path = Dictionary.xcdatamodel; sourceTree = "<group>"; };
		047EC44429CCD582009EA1D9 /* Alert.swift */ = {isa = PBXFileReference; lastKnownFileType = sourcecode.swift; path = Alert.swift; sourceTree = "<group>"; };
		047EC44629CDDDB8009EA1D9 /* GoogleService-Info.plist */ = {isa = PBXFileReference; fileEncoding = 4; lastKnownFileType = text.plist.xml; path = "GoogleService-Info.plist"; sourceTree = "<group>"; };
		0494C2CE29D33746000D71A7 /* WordDefinitionVC.swift */ = {isa = PBXFileReference; lastKnownFileType = sourcecode.swift; path = WordDefinitionVC.swift; sourceTree = "<group>"; };
		4F564AA699D81F8A49D15ACC /* Pods_DsmDictionary.framework */ = {isa = PBXFileReference; explicitFileType = wrapper.framework; includeInIndex = 0; path = Pods_DsmDictionary.framework; sourceTree = BUILT_PRODUCTS_DIR; };
		BD7A65331CB385FCE4CE5182 /* Pods-DsmDictionary.release.xcconfig */ = {isa = PBXFileReference; includeInIndex = 1; lastKnownFileType = text.xcconfig; name = "Pods-DsmDictionary.release.xcconfig"; path = "Target Support Files/Pods-DsmDictionary/Pods-DsmDictionary.release.xcconfig"; sourceTree = "<group>"; };
		E4FD45B121B539B018013CFE /* Pods-DsmDictionary.debug.xcconfig */ = {isa = PBXFileReference; includeInIndex = 1; lastKnownFileType = text.xcconfig; name = "Pods-DsmDictionary.debug.xcconfig"; path = "Target Support Files/Pods-DsmDictionary/Pods-DsmDictionary.debug.xcconfig"; sourceTree = "<group>"; };
/* End PBXFileReference section */

/* Begin PBXFrameworksBuildPhase section */
		047EC40029C654C0009EA1D9 /* Frameworks */ = {
			isa = PBXFrameworksBuildPhase;
			buildActionMask = 2147483647;
			files = (
				1D40301E8C249F2EB5840959 /* Pods_DsmDictionary.framework in Frameworks */,
			);
			runOnlyForDeploymentPostprocessing = 0;
		};
/* End PBXFrameworksBuildPhase section */

/* Begin PBXGroup section */
		047EC3FA29C654C0009EA1D9 = {
			isa = PBXGroup;
			children = (
				047EC40529C654C0009EA1D9 /* DsmDictionary */,
				047EC40429C654C0009EA1D9 /* Products */,
				447070E61677350C37ECF6C2 /* Pods */,
				779220C31915FBF72ECBEA97 /* Frameworks */,
			);
			sourceTree = "<group>";
		};
		047EC40429C654C0009EA1D9 /* Products */ = {
			isa = PBXGroup;
			children = (
				047EC40329C654C0009EA1D9 /* DsmDictionary.app */,
			);
			name = Products;
			sourceTree = "<group>";
		};
		047EC40529C654C0009EA1D9 /* DsmDictionary */ = {
			isa = PBXGroup;
			children = (
				047EC40629C654C0009EA1D9 /* AppDelegate.swift */,
				047EC40829C654C0009EA1D9 /* SceneDelegate.swift */,
				047EC40A29C654C0009EA1D9 /* ViewController.swift */,
				047EC41A29C9D9FF009EA1D9 /* SearchPageVC.swift */,
				047EC41C29CBA488009EA1D9 /* DetailSearchVC.swift */,
				047EC44429CCD582009EA1D9 /* Alert.swift */,
				0494C2CE29D33746000D71A7 /* WordDefinitionVC.swift */,
				047EC40C29C654C0009EA1D9 /* Main.storyboard */,
				047EC40F29C654C1009EA1D9 /* Assets.xcassets */,
				047EC41129C654C1009EA1D9 /* LaunchScreen.storyboard */,
				047EC41429C654C1009EA1D9 /* Info.plist */,
				047EC44629CDDDB8009EA1D9 /* GoogleService-Info.plist */,
				047EC44129CC7B95009EA1D9 /* Dictionary.xcdatamodeld */,
			);
			path = DsmDictionary;
			sourceTree = "<group>";
		};
		447070E61677350C37ECF6C2 /* Pods */ = {
			isa = PBXGroup;
			children = (
				E4FD45B121B539B018013CFE /* Pods-DsmDictionary.debug.xcconfig */,
				BD7A65331CB385FCE4CE5182 /* Pods-DsmDictionary.release.xcconfig */,
			);
			path = Pods;
			sourceTree = "<group>";
		};
		779220C31915FBF72ECBEA97 /* Frameworks */ = {
			isa = PBXGroup;
			children = (
				4F564AA699D81F8A49D15ACC /* Pods_DsmDictionary.framework */,
			);
			name = Frameworks;
			sourceTree = "<group>";
		};
/* End PBXGroup section */

/* Begin PBXNativeTarget section */
		047EC40229C654C0009EA1D9 /* DsmDictionary */ = {
			isa = PBXNativeTarget;
			buildConfigurationList = 047EC41729C654C1009EA1D9 /* Build configuration list for PBXNativeTarget "DsmDictionary" */;
			buildPhases = (
				2894F62EF3D732A69C697B91 /* [CP] Check Pods Manifest.lock */,
				047EC3FF29C654C0009EA1D9 /* Sources */,
				047EC40029C654C0009EA1D9 /* Frameworks */,
				047EC40129C654C0009EA1D9 /* Resources */,
				2B1ED7511FB206863C764A90 /* [CP] Embed Pods Frameworks */,
			);
			buildRules = (
			);
			dependencies = (
			);
			name = DsmDictionary;
			productName = DsmDictionary;
			productReference = 047EC40329C654C0009EA1D9 /* DsmDictionary.app */;
			productType = "com.apple.product-type.application";
		};
/* End PBXNativeTarget section */

/* Begin PBXProject section */
		047EC3FB29C654C0009EA1D9 /* Project object */ = {
			isa = PBXProject;
			attributes = {
				BuildIndependentTargetsInParallel = 1;
				LastSwiftUpdateCheck = 1420;
				LastUpgradeCheck = 1420;
				TargetAttributes = {
					047EC40229C654C0009EA1D9 = {
						CreatedOnToolsVersion = 14.2;
					};
				};
			};
			buildConfigurationList = 047EC3FE29C654C0009EA1D9 /* Build configuration list for PBXProject "DsmDictionary" */;
			compatibilityVersion = "Xcode 14.0";
			developmentRegion = en;
			hasScannedForEncodings = 0;
			knownRegions = (
				en,
				Base,
			);
			mainGroup = 047EC3FA29C654C0009EA1D9;
			productRefGroup = 047EC40429C654C0009EA1D9 /* Products */;
			projectDirPath = "";
			projectRoot = "";
			targets = (
				047EC40229C654C0009EA1D9 /* DsmDictionary */,
			);
		};
/* End PBXProject section */

/* Begin PBXResourcesBuildPhase section */
		047EC40129C654C0009EA1D9 /* Resources */ = {
			isa = PBXResourcesBuildPhase;
			buildActionMask = 2147483647;
			files = (
				047EC41329C654C1009EA1D9 /* LaunchScreen.storyboard in Resources */,
				047EC44729CDDDB8009EA1D9 /* GoogleService-Info.plist in Resources */,
				047EC41029C654C1009EA1D9 /* Assets.xcassets in Resources */,
				047EC40E29C654C0009EA1D9 /* Main.storyboard in Resources */,
			);
			runOnlyForDeploymentPostprocessing = 0;
		};
/* End PBXResourcesBuildPhase section */

/* Begin PBXShellScriptBuildPhase section */
		2894F62EF3D732A69C697B91 /* [CP] Check Pods Manifest.lock */ = {
			isa = PBXShellScriptBuildPhase;
			buildActionMask = 2147483647;
			files = (
			);
			inputFileListPaths = (
			);
			inputPaths = (
				"${PODS_PODFILE_DIR_PATH}/Podfile.lock",
				"${PODS_ROOT}/Manifest.lock",
			);
			name = "[CP] Check Pods Manifest.lock";
			outputFileListPaths = (
			);
			outputPaths = (
				"$(DERIVED_FILE_DIR)/Pods-DsmDictionary-checkManifestLockResult.txt",
			);
			runOnlyForDeploymentPostprocessing = 0;
			shellPath = /bin/sh;
			shellScript = "diff \"${PODS_PODFILE_DIR_PATH}/Podfile.lock\" \"${PODS_ROOT}/Manifest.lock\" > /dev/null\nif [ $? != 0 ] ; then\n    # print error to STDERR\n    echo \"error: The sandbox is not in sync with the Podfile.lock. Run 'pod install' or update your CocoaPods installation.\" >&2\n    exit 1\nfi\n# This output is used by Xcode 'outputs' to avoid re-running this script phase.\necho \"SUCCESS\" > \"${SCRIPT_OUTPUT_FILE_0}\"\n";
			showEnvVarsInLog = 0;
		};
		2B1ED7511FB206863C764A90 /* [CP] Embed Pods Frameworks */ = {
			isa = PBXShellScriptBuildPhase;
			buildActionMask = 2147483647;
			files = (
			);
			inputFileListPaths = (
				"${PODS_ROOT}/Target Support Files/Pods-DsmDictionary/Pods-DsmDictionary-frameworks-${CONFIGURATION}-input-files.xcfilelist",
			);
			name = "[CP] Embed Pods Frameworks";
			outputFileListPaths = (
				"${PODS_ROOT}/Target Support Files/Pods-DsmDictionary/Pods-DsmDictionary-frameworks-${CONFIGURATION}-output-files.xcfilelist",
			);
			runOnlyForDeploymentPostprocessing = 0;
			shellPath = /bin/sh;
			shellScript = "\"${PODS_ROOT}/Target Support Files/Pods-DsmDictionary/Pods-DsmDictionary-frameworks.sh\"\n";
			showEnvVarsInLog = 0;
		};
/* End PBXShellScriptBuildPhase section */

/* Begin PBXSourcesBuildPhase section */
		047EC3FF29C654C0009EA1D9 /* Sources */ = {
			isa = PBXSourcesBuildPhase;
			buildActionMask = 2147483647;
			files = (
				047EC41D29CBA488009EA1D9 /* DetailSearchVC.swift in Sources */,
				047EC40B29C654C0009EA1D9 /* ViewController.swift in Sources */,
				047EC41B29C9D9FF009EA1D9 /* SearchPageVC.swift in Sources */,
				047EC44329CC7B95009EA1D9 /* Dictionary.xcdatamodeld in Sources */,
				047EC40729C654C0009EA1D9 /* AppDelegate.swift in Sources */,
				047EC40929C654C0009EA1D9 /* SceneDelegate.swift in Sources */,
				047EC44529CCD582009EA1D9 /* Alert.swift in Sources */,
				0494C2CF29D33746000D71A7 /* WordDefinitionVC.swift in Sources */,
			);
			runOnlyForDeploymentPostprocessing = 0;
		};
/* End PBXSourcesBuildPhase section */

/* Begin PBXVariantGroup section */
		047EC40C29C654C0009EA1D9 /* Main.storyboard */ = {
			isa = PBXVariantGroup;
			children = (
				047EC40D29C654C0009EA1D9 /* Base */,
			);
			name = Main.storyboard;
			sourceTree = "<group>";
		};
		047EC41129C654C1009EA1D9 /* LaunchScreen.storyboard */ = {
			isa = PBXVariantGroup;
			children = (
				047EC41229C654C1009EA1D9 /* Base */,
			);
			name = LaunchScreen.storyboard;
			sourceTree = "<group>";
		};
/* End PBXVariantGroup section */

/* Begin XCBuildConfiguration section */
		047EC41529C654C1009EA1D9 /* Debug */ = {
			isa = XCBuildConfiguration;
			buildSettings = {
				ALWAYS_SEARCH_USER_PATHS = NO;
				CLANG_ANALYZER_NONNULL = YES;
				CLANG_ANALYZER_NUMBER_OBJECT_CONVERSION = YES_AGGRESSIVE;
				CLANG_CXX_LANGUAGE_STANDARD = "gnu++20";
				CLANG_ENABLE_MODULES = YES;
				CLANG_ENABLE_OBJC_ARC = YES;
				CLANG_ENABLE_OBJC_WEAK = YES;
				CLANG_WARN_BLOCK_CAPTURE_AUTORELEASING = YES;
				CLANG_WARN_BOOL_CONVERSION = YES;
				CLANG_WARN_COMMA = YES;
				CLANG_WARN_CONSTANT_CONVERSION = YES;
				CLANG_WARN_DEPRECATED_OBJC_IMPLEMENTATIONS = YES;
				CLANG_WARN_DIRECT_OBJC_ISA_USAGE = YES_ERROR;
				CLANG_WARN_DOCUMENTATION_COMMENTS = YES;
				CLANG_WARN_EMPTY_BODY = YES;
				CLANG_WARN_ENUM_CONVERSION = YES;
				CLANG_WARN_INFINITE_RECURSION = YES;
				CLANG_WARN_INT_CONVERSION = YES;
				CLANG_WARN_NON_LITERAL_NULL_CONVERSION = YES;
				CLANG_WARN_OBJC_IMPLICIT_RETAIN_SELF = YES;
				CLANG_WARN_OBJC_LITERAL_CONVERSION = YES;
				CLANG_WARN_OBJC_ROOT_CLASS = YES_ERROR;
				CLANG_WARN_QUOTED_INCLUDE_IN_FRAMEWORK_HEADER = YES;
				CLANG_WARN_RANGE_LOOP_ANALYSIS = YES;
				CLANG_WARN_STRICT_PROTOTYPES = YES;
				CLANG_WARN_SUSPICIOUS_MOVE = YES;
				CLANG_WARN_UNGUARDED_AVAILABILITY = YES_AGGRESSIVE;
				CLANG_WARN_UNREACHABLE_CODE = YES;
				CLANG_WARN__DUPLICATE_METHOD_MATCH = YES;
				COPY_PHASE_STRIP = NO;
				DEBUG_INFORMATION_FORMAT = dwarf;
				ENABLE_STRICT_OBJC_MSGSEND = YES;
				ENABLE_TESTABILITY = YES;
				GCC_C_LANGUAGE_STANDARD = gnu11;
				GCC_DYNAMIC_NO_PIC = NO;
				GCC_NO_COMMON_BLOCKS = YES;
				GCC_OPTIMIZATION_LEVEL = 0;
				GCC_PREPROCESSOR_DEFINITIONS = (
					"DEBUG=1",
					"$(inherited)",
				);
				GCC_WARN_64_TO_32_BIT_CONVERSION = YES;
				GCC_WARN_ABOUT_RETURN_TYPE = YES_ERROR;
				GCC_WARN_UNDECLARED_SELECTOR = YES;
				GCC_WARN_UNINITIALIZED_AUTOS = YES_AGGRESSIVE;
				GCC_WARN_UNUSED_FUNCTION = YES;
				GCC_WARN_UNUSED_VARIABLE = YES;
				IPHONEOS_DEPLOYMENT_TARGET = 16.2;
				MTL_ENABLE_DEBUG_INFO = INCLUDE_SOURCE;
				MTL_FAST_MATH = YES;
				ONLY_ACTIVE_ARCH = YES;
				SDKROOT = iphoneos;
				SWIFT_ACTIVE_COMPILATION_CONDITIONS = DEBUG;
				SWIFT_OPTIMIZATION_LEVEL = "-Onone";
			};
			name = Debug;
		};
		047EC41629C654C1009EA1D9 /* Release */ = {
			isa = XCBuildConfiguration;
			buildSettings = {
				ALWAYS_SEARCH_USER_PATHS = NO;
				CLANG_ANALYZER_NONNULL = YES;
				CLANG_ANALYZER_NUMBER_OBJECT_CONVERSION = YES_AGGRESSIVE;
				CLANG_CXX_LANGUAGE_STANDARD = "gnu++20";
				CLANG_ENABLE_MODULES = YES;
				CLANG_ENABLE_OBJC_ARC = YES;
				CLANG_ENABLE_OBJC_WEAK = YES;
				CLANG_WARN_BLOCK_CAPTURE_AUTORELEASING = YES;
				CLANG_WARN_BOOL_CONVERSION = YES;
				CLANG_WARN_COMMA = YES;
				CLANG_WARN_CONSTANT_CONVERSION = YES;
				CLANG_WARN_DEPRECATED_OBJC_IMPLEMENTATIONS = YES;
				CLANG_WARN_DIRECT_OBJC_ISA_USAGE = YES_ERROR;
				CLANG_WARN_DOCUMENTATION_COMMENTS = YES;
				CLANG_WARN_EMPTY_BODY = YES;
				CLANG_WARN_ENUM_CONVERSION = YES;
				CLANG_WARN_INFINITE_RECURSION = YES;
				CLANG_WARN_INT_CONVERSION = YES;
				CLANG_WARN_NON_LITERAL_NULL_CONVERSION = YES;
				CLANG_WARN_OBJC_IMPLICIT_RETAIN_SELF = YES;
				CLANG_WARN_OBJC_LITERAL_CONVERSION = YES;
				CLANG_WARN_OBJC_ROOT_CLASS = YES_ERROR;
				CLANG_WARN_QUOTED_INCLUDE_IN_FRAMEWORK_HEADER = YES;
				CLANG_WARN_RANGE_LOOP_ANALYSIS = YES;
				CLANG_WARN_STRICT_PROTOTYPES = YES;
				CLANG_WARN_SUSPICIOUS_MOVE = YES;
				CLANG_WARN_UNGUARDED_AVAILABILITY = YES_AGGRESSIVE;
				CLANG_WARN_UNREACHABLE_CODE = YES;
				CLANG_WARN__DUPLICATE_METHOD_MATCH = YES;
				COPY_PHASE_STRIP = NO;
				DEBUG_INFORMATION_FORMAT = "dwarf-with-dsym";
				ENABLE_NS_ASSERTIONS = NO;
				ENABLE_STRICT_OBJC_MSGSEND = YES;
				GCC_C_LANGUAGE_STANDARD = gnu11;
				GCC_NO_COMMON_BLOCKS = YES;
				GCC_WARN_64_TO_32_BIT_CONVERSION = YES;
				GCC_WARN_ABOUT_RETURN_TYPE = YES_ERROR;
				GCC_WARN_UNDECLARED_SELECTOR = YES;
				GCC_WARN_UNINITIALIZED_AUTOS = YES_AGGRESSIVE;
				GCC_WARN_UNUSED_FUNCTION = YES;
				GCC_WARN_UNUSED_VARIABLE = YES;
				IPHONEOS_DEPLOYMENT_TARGET = 16.2;
				MTL_ENABLE_DEBUG_INFO = NO;
				MTL_FAST_MATH = YES;
				SDKROOT = iphoneos;
				SWIFT_COMPILATION_MODE = wholemodule;
				SWIFT_OPTIMIZATION_LEVEL = "-O";
				VALIDATE_PRODUCT = YES;
			};
			name = Release;
		};
		047EC41829C654C1009EA1D9 /* Debug */ = {
			isa = XCBuildConfiguration;
			baseConfigurationReference = E4FD45B121B539B018013CFE /* Pods-DsmDictionary.debug.xcconfig */;
			buildSettings = {
				ASSETCATALOG_COMPILER_APPICON_NAME = AppIcon;
				ASSETCATALOG_COMPILER_GLOBAL_ACCENT_COLOR_NAME = AccentColor;
				CODE_SIGN_STYLE = Automatic;
				CURRENT_PROJECT_VERSION = 1;
				DEVELOPMENT_TEAM = PM64LP239P;
				GENERATE_INFOPLIST_FILE = YES;
				INFOPLIST_FILE = DsmDictionary/Info.plist;
				INFOPLIST_KEY_UIApplicationSupportsIndirectInputEvents = YES;
				INFOPLIST_KEY_UILaunchStoryboardName = LaunchScreen;
				INFOPLIST_KEY_UIMainStoryboardFile = Main;
				INFOPLIST_KEY_UISupportedInterfaceOrientations_iPad = "UIInterfaceOrientationPortrait UIInterfaceOrientationPortraitUpsideDown UIInterfaceOrientationLandscapeLeft UIInterfaceOrientationLandscapeRight";
				INFOPLIST_KEY_UISupportedInterfaceOrientations_iPhone = "UIInterfaceOrientationPortrait UIInterfaceOrientationLandscapeLeft UIInterfaceOrientationLandscapeRight";
				IPHONEOS_DEPLOYMENT_TARGET = 16.2;
				LD_RUNPATH_SEARCH_PATHS = (
					"$(inherited)",
					"@executable_path/Frameworks",
				);
				MARKETING_VERSION = 1.0;
				PRODUCT_BUNDLE_IDENTIFIER = com.furkanvural.DsmDictionary;
				PRODUCT_NAME = "$(TARGET_NAME)";
				SWIFT_EMIT_LOC_STRINGS = YES;
				SWIFT_VERSION = 5.0;
				TARGETED_DEVICE_FAMILY = "1,2";
			};
			name = Debug;
		};
		047EC41929C654C1009EA1D9 /* Release */ = {
			isa = XCBuildConfiguration;
			baseConfigurationReference = BD7A65331CB385FCE4CE5182 /* Pods-DsmDictionary.release.xcconfig */;
			buildSettings = {
				ASSETCATALOG_COMPILER_APPICON_NAME = AppIcon;
				ASSETCATALOG_COMPILER_GLOBAL_ACCENT_COLOR_NAME = AccentColor;
				CODE_SIGN_STYLE = Automatic;
				CURRENT_PROJECT_VERSION = 1;
				DEVELOPMENT_TEAM = PM64LP239P;
				GENERATE_INFOPLIST_FILE = YES;
				INFOPLIST_FILE = DsmDictionary/Info.plist;
				INFOPLIST_KEY_UIApplicationSupportsIndirectInputEvents = YES;
				INFOPLIST_KEY_UILaunchStoryboardName = LaunchScreen;
				INFOPLIST_KEY_UIMainStoryboardFile = Main;
				INFOPLIST_KEY_UISupportedInterfaceOrientations_iPad = "UIInterfaceOrientationPortrait UIInterfaceOrientationPortraitUpsideDown UIInterfaceOrientationLandscapeLeft UIInterfaceOrientationLandscapeRight";
				INFOPLIST_KEY_UISupportedInterfaceOrientations_iPhone = "UIInterfaceOrientationPortrait UIInterfaceOrientationLandscapeLeft UIInterfaceOrientationLandscapeRight";
				IPHONEOS_DEPLOYMENT_TARGET = 16.2;
				LD_RUNPATH_SEARCH_PATHS = (
					"$(inherited)",
					"@executable_path/Frameworks",
				);
				MARKETING_VERSION = 1.0;
				PRODUCT_BUNDLE_IDENTIFIER = com.furkanvural.DsmDictionary;
				PRODUCT_NAME = "$(TARGET_NAME)";
				SWIFT_EMIT_LOC_STRINGS = YES;
				SWIFT_VERSION = 5.0;
				TARGETED_DEVICE_FAMILY = "1,2";
			};
			name = Release;
		};
/* End XCBuildConfiguration section */

/* Begin XCConfigurationList section */
		047EC3FE29C654C0009EA1D9 /* Build configuration list for PBXProject "DsmDictionary" */ = {
			isa = XCConfigurationList;
			buildConfigurations = (
				047EC41529C654C1009EA1D9 /* Debug */,
				047EC41629C654C1009EA1D9 /* Release */,
			);
			defaultConfigurationIsVisible = 0;
			defaultConfigurationName = Release;
		};
		047EC41729C654C1009EA1D9 /* Build configuration list for PBXNativeTarget "DsmDictionary" */ = {
			isa = XCConfigurationList;
			buildConfigurations = (
				047EC41829C654C1009EA1D9 /* Debug */,
				047EC41929C654C1009EA1D9 /* Release */,
			);
			defaultConfigurationIsVisible = 0;
			defaultConfigurationName = Release;
		};
/* End XCConfigurationList section */

/* Begin XCVersionGroup section */
		047EC44129CC7B95009EA1D9 /* Dictionary.xcdatamodeld */ = {
			isa = XCVersionGroup;
			children = (
				047EC44229CC7B95009EA1D9 /* Dictionary.xcdatamodel */,
			);
			currentVersion = 047EC44229CC7B95009EA1D9 /* Dictionary.xcdatamodel */;
			path = Dictionary.xcdatamodeld;
			sourceTree = "<group>";
			versionGroupType = wrapper.xcdatamodel;
		};
/* End XCVersionGroup section */
	};
	rootObject = 047EC3FB29C654C0009EA1D9 /* Project object */;
}
